Microsoft Visual Studio Solution File, Format Version 12.00
# Visual Studio 2012
Project("{FAE04EC0-301F-11D3-BF4B-00C04F79EFBC}") = "Drunkard-s Walk Algo", "Drunkard-s Walk Algo.csproj", "{29F974D8-903F-4657-8059-E3F9395BD8BD}"
EndProject
Global
	GlobalSection(SolutionConfigurationPlatforms) = preSolution
	Debug|Any CPU = Debug|Any CPU
	ExportDebug|Any CPU = ExportDebug|Any CPU
	ExportRelease|Any CPU = ExportRelease|Any CPU
	EndGlobalSection
	GlobalSection(ProjectConfigurationPlatforms) = postSolution
		{29F974D8-903F-4657-8059-E3F9395BD8BD}.Debug|Any CPU.ActiveCfg = Debug|Any CPU
		{29F974D8-903F-4657-8059-E3F9395BD8BD}.Debug|Any CPU.Build.0 = Debug|Any CPU
		{29F974D8-903F-4657-8059-E3F9395BD8BD}.ExportDebug|Any CPU.ActiveCfg = ExportDebug|Any CPU
		{29F974D8-903F-4657-8059-E3F9395BD8BD}.ExportDebug|Any CPU.Build.0 = ExportDebug|Any CPU
		{29F974D8-903F-4657-8059-E3F9395BD8BD}.ExportRelease|Any CPU.ActiveCfg = ExportRelease|Any CPU
		{29F974D8-903F-4657-8059-E3F9395BD8BD}.ExportRelease|Any CPU.Build.0 = ExportRelease|Any CPU
	EndGlobalSection
EndGlobal
